
Microsoft Visual Studio Solution File, Format Version 12.00
# Visual Studio Version 16
VisualStudioVersion = 16.0.30717.126
MinimumVisualStudioVersion = 10.0.40219.1
Project("{9A19103F-16F7-4668-BE54-9A1E7A4F7556}") = "KampIntro", "KampIntro\KampIntro.csproj", "{65978ADB-498C-4A79-93D9-A05D3C9582FE}"
EndProject
Project("{9A19103F-16F7-4668-BE54-9A1E7A4F7556}") = "Donguler", "Donguler\Donguler.csproj", "{300D6FF5-D386-45B7-99BC-46F91476E45D}"
EndProject
Project("{9A19103F-16F7-4668-BE54-9A1E7A4F7556}") = "Metotlar", "Metotlar\Metotlar.csproj", "{DE9F487A-99E4-4A74-BE8D-09DEE383621A}"
EndProject
Project("{9A19103F-16F7-4668-BE54-9A1E7A4F7556}") = "ClassIntro", "ClassIntro\ClassIntro.csproj", "{1B72C768-D5D2-43F1-8ACC-6728794E28A6}"
EndProject
Project("{9A19103F-16F7-4668-BE54-9A1E7A4F7556}") = "Matematik", "Matematik\Matematik.csproj", "{788EF725-14DC-4D6D-B6E2-E4700508C5DD}"
EndProject
Project("{9A19103F-16F7-4668-BE54-9A1E7A4F7556}") = "DegerVeReferansTipler", "DegerVeReferansTipler\DegerVeReferansTipler.csproj", "{71A1B846-8507-43DE-8600-D1358B5399FD}"
EndProject
Project("{9A19103F-16F7-4668-BE54-9A1E7A4F7556}") = "OOP1", "OOP1\OOP1.csproj", "{AC1396F8-0250-4874-B27E-7E8C1A3FE3D9}"
EndProject
Project("{9A19103F-16F7-4668-BE54-9A1E7A4F7556}") = "Koleksiyonlar", "Koleksiyonlar\Koleksiyonlar.csproj", "{80FDEF90-E55C-4374-92EA-040E87551173}"
EndProject
Project("{9A19103F-16F7-4668-BE54-9A1E7A4F7556}") = "GenericsIntro", "GenericsIntro\GenericsIntro.csproj", "{4DC08793-50DE-4090-8F91-F2230FCE453A}"
EndProject
Project("{9A19103F-16F7-4668-BE54-9A1E7A4F7556}") = "ReferenceTypes", "ReferenceTypes\ReferenceTypes.csproj", "{3A240646-633D-4A3F-951B-FEA09546225E}"
EndProject
Project("{9A19103F-16F7-4668-BE54-9A1E7A4F7556}") = "Constructors", "Constructors\Constructors.csproj", "{D4A8AF37-786D-43F7-9105-B105A50D4ADD}"
EndProject
Project("{9A19103F-16F7-4668-BE54-9A1E7A4F7556}") = "Generics", "Generics\Generics.csproj", "{6E2B4C3B-545C-4CBC-836C-E08A4B6108CD}"
EndProject
Project("{9A19103F-16F7-4668-BE54-9A1E7A4F7556}") = "OOP2", "OOP2\OOP2.csproj", "{661F4632-4A9B-497D-93DD-CD45255FCACD}"
EndProject
Project("{9A19103F-16F7-4668-BE54-9A1E7A4F7556}") = "OOP3", "OOP3\OOP3.csproj", "{1232FC16-BF07-465F-ABC6-55DCBB4AC17D}"
EndProject
Project("{FAE04EC0-301F-11D3-BF4B-00C04F79EFBC}") = "Classes", "Classes\Classes.csproj", "{C78F7212-33EE-4D39-B2F0-A819733AC1A5}"
EndProject
Project("{FAE04EC0-301F-11D3-BF4B-00C04F79EFBC}") = "RecapDemo1", "RecapDemo1\RecapDemo1.csproj", "{4F45F676-E858-498B-9D01-FFB9C7C46C7F}"
EndProject
Project("{FAE04EC0-301F-11D3-BF4B-00C04F79EFBC}") = "Interfaces", "Interfaces\Interfaces.csproj", "{1FFB80BE-7360-42A4-A391-1CE584F8CDFA}"
EndProject
Global
	GlobalSection(SolutionConfigurationPlatforms) = preSolution
		Debug|Any CPU = Debug|Any CPU
		Release|Any CPU = Release|Any CPU
	EndGlobalSection
	GlobalSection(ProjectConfigurationPlatforms) = postSolution
		{65978ADB-498C-4A79-93D9-A05D3C9582FE}.Debug|Any CPU.ActiveCfg = Debug|Any CPU
		{65978ADB-498C-4A79-93D9-A05D3C9582FE}.Debug|Any CPU.Build.0 = Debug|Any CPU
		{65978ADB-498C-4A79-93D9-A05D3C9582FE}.Release|Any CPU.ActiveCfg = Release|Any CPU
		{65978ADB-498C-4A79-93D9-A05D3C9582FE}.Release|Any CPU.Build.0 = Release|Any CPU
		{300D6FF5-D386-45B7-99BC-46F91476E45D}.Debug|Any CPU.ActiveCfg = Debug|Any CPU
		{300D6FF5-D386-45B7-99BC-46F91476E45D}.Debug|Any CPU.Build.0 = Debug|Any CPU
		{300D6FF5-D386-45B7-99BC-46F91476E45D}.Release|Any CPU.ActiveCfg = Release|Any CPU
		{300D6FF5-D386-45B7-99BC-46F91476E45D}.Release|Any CPU.Build.0 = Release|Any CPU
		{DE9F487A-99E4-4A74-BE8D-09DEE383621A}.Debug|Any CPU.ActiveCfg = Debug|Any CPU
		{DE9F487A-99E4-4A74-BE8D-09DEE383621A}.Debug|Any CPU.Build.0 = Debug|Any CPU
		{DE9F487A-99E4-4A74-BE8D-09DEE383621A}.Release|Any CPU.ActiveCfg = Release|Any CPU
		{DE9F487A-99E4-4A74-BE8D-09DEE383621A}.Release|Any CPU.Build.0 = Release|Any CPU
		{1B72C768-D5D2-43F1-8ACC-6728794E28A6}.Debug|Any CPU.ActiveCfg = Debug|Any CPU
		{1B72C768-D5D2-43F1-8ACC-6728794E28A6}.Debug|Any CPU.Build.0 = Debug|Any CPU
		{1B72C768-D5D2-43F1-8ACC-6728794E28A6}.Release|Any CPU.ActiveCfg = Release|Any CPU
		{1B72C768-D5D2-43F1-8ACC-6728794E28A6}.Release|Any CPU.Build.0 = Release|Any CPU
		{788EF725-14DC-4D6D-B6E2-E4700508C5DD}.Debug|Any CPU.ActiveCfg = Debug|Any CPU
		{788EF725-14DC-4D6D-B6E2-E4700508C5DD}.Debug|Any CPU.Build.0 = Debug|Any CPU
		{788EF725-14DC-4D6D-B6E2-E4700508C5DD}.Release|Any CPU.ActiveCfg = Release|Any CPU
		{788EF725-14DC-4D6D-B6E2-E4700508C5DD}.Release|Any CPU.Build.0 = Release|Any CPU
		{71A1B846-8507-43DE-8600-D1358B5399FD}.Debug|Any CPU.ActiveCfg = Debug|Any CPU
		{71A1B846-8507-43DE-8600-D1358B5399FD}.Debug|Any CPU.Build.0 = Debug|Any CPU
		{71A1B846-8507-43DE-8600-D1358B5399FD}.Release|Any CPU.ActiveCfg = Release|Any CPU
		{71A1B846-8507-43DE-8600-D1358B5399FD}.Release|Any CPU.Build.0 = Release|Any CPU
		{AC1396F8-0250-4874-B27E-7E8C1A3FE3D9}.Debug|Any CPU.ActiveCfg = Debug|Any CPU
		{AC1396F8-0250-4874-B27E-7E8C1A3FE3D9}.Debug|Any CPU.Build.0 = Debug|Any CPU
		{AC1396F8-0250-4874-B27E-7E8C1A3FE3D9}.Release|Any CPU.ActiveCfg = Release|Any CPU
		{AC1396F8-0250-4874-B27E-7E8C1A3FE3D9}.Release|Any CPU.Build.0 = Release|Any CPU
		{80FDEF90-E55C-4374-92EA-040E87551173}.Debug|Any CPU.ActiveCfg = Debug|Any CPU
		{80FDEF90-E55C-4374-92EA-040E87551173}.Debug|Any CPU.Build.0 = Debug|Any CPU
		{80FDEF90-E55C-4374-92EA-040E87551173}.Release|Any CPU.ActiveCfg = Release|Any CPU
		{80FDEF90-E55C-4374-92EA-040E87551173}.Release|Any CPU.Build.0 = Release|Any CPU
		{4DC08793-50DE-4090-8F91-F2230FCE453A}.Debug|Any CPU.ActiveCfg = Debug|Any CPU
		{4DC08793-50DE-4090-8F91-F2230FCE453A}.Debug|Any CPU.Build.0 = Debug|Any CPU
		{4DC08793-50DE-4090-8F91-F2230FCE453A}.Release|Any CPU.ActiveCfg = Release|Any CPU
		{4DC08793-50DE-4090-8F91-F2230FCE453A}.Release|Any CPU.Build.0 = Release|Any CPU
		{3A240646-633D-4A3F-951B-FEA09546225E}.Debug|Any CPU.ActiveCfg = Debug|Any CPU
		{3A240646-633D-4A3F-951B-FEA09546225E}.Debug|Any CPU.Build.0 = Debug|Any CPU
		{3A240646-633D-4A3F-951B-FEA09546225E}.Release|Any CPU.ActiveCfg = Release|Any CPU
		{3A240646-633D-4A3F-951B-FEA09546225E}.Release|Any CPU.Build.0 = Release|Any CPU
		{D4A8AF37-786D-43F7-9105-B105A50D4ADD}.Debug|Any CPU.ActiveCfg = Debug|Any CPU
		{D4A8AF37-786D-43F7-9105-B105A50D4ADD}.Debug|Any CPU.Build.0 = Debug|Any CPU
		{D4A8AF37-786D-43F7-9105-B105A50D4ADD}.Release|Any CPU.ActiveCfg = Release|Any CPU
		{D4A8AF37-786D-43F7-9105-B105A50D4ADD}.Release|Any CPU.Build.0 = Release|Any CPU
		{6E2B4C3B-545C-4CBC-836C-E08A4B6108CD}.Debug|Any CPU.ActiveCfg = Debug|Any CPU
		{6E2B4C3B-545C-4CBC-836C-E08A4B6108CD}.Debug|Any CPU.Build.0 = Debug|Any CPU
		{6E2B4C3B-545C-4CBC-836C-E08A4B6108CD}.Release|Any CPU.ActiveCfg = Release|Any CPU
		{6E2B4C3B-545C-4CBC-836C-E08A4B6108CD}.Release|Any CPU.Build.0 = Release|Any CPU
		{661F4632-4A9B-497D-93DD-CD45255FCACD}.Debug|Any CPU.ActiveCfg = Debug|Any CPU
		{661F4632-4A9B-497D-93DD-CD45255FCACD}.Debug|Any CPU.Build.0 = Debug|Any CPU
		{661F4632-4A9B-497D-93DD-CD45255FCACD}.Release|Any CPU.ActiveCfg = Release|Any CPU
		{661F4632-4A9B-497D-93DD-CD45255FCACD}.Release|Any CPU.Build.0 = Release|Any CPU
		{1232FC16-BF07-465F-ABC6-55DCBB4AC17D}.Debug|Any CPU.ActiveCfg = Debug|Any CPU
		{1232FC16-BF07-465F-ABC6-55DCBB4AC17D}.Debug|Any CPU.Build.0 = Debug|Any CPU
		{1232FC16-BF07-465F-ABC6-55DCBB4AC17D}.Release|Any CPU.ActiveCfg = Release|Any CPU
		{1232FC16-BF07-465F-ABC6-55DCBB4AC17D}.Release|Any CPU.Build.0 = Release|Any CPU
		{C78F7212-33EE-4D39-B2F0-A819733AC1A5}.Debug|Any CPU.ActiveCfg = Debug|Any CPU
		{C78F7212-33EE-4D39-B2F0-A819733AC1A5}.Debug|Any CPU.Build.0 = Debug|Any CPU
		{C78F7212-33EE-4D39-B2F0-A819733AC1A5}.Release|Any CPU.ActiveCfg = Release|Any CPU
		{C78F7212-33EE-4D39-B2F0-A819733AC1A5}.Release|Any CPU.Build.0 = Release|Any CPU
		{4F45F676-E858-498B-9D01-FFB9C7C46C7F}.Debug|Any CPU.ActiveCfg = Debug|Any CPU
		{4F45F676-E858-498B-9D01-FFB9C7C46C7F}.Debug|Any CPU.Build.0 = Debug|Any CPU
		{4F45F676-E858-498B-9D01-FFB9C7C46C7F}.Release|Any CPU.ActiveCfg = Release|Any CPU
		{4F45F676-E858-498B-9D01-FFB9C7C46C7F}.Release|Any CPU.Build.0 = Release|Any CPU
		{1FFB80BE-7360-42A4-A391-1CE584F8CDFA}.Debug|Any CPU.ActiveCfg = Debug|Any CPU
		{1FFB80BE-7360-42A4-A391-1CE584F8CDFA}.Debug|Any CPU.Build.0 = Debug|Any CPU
		{1FFB80BE-7360-42A4-A391-1CE584F8CDFA}.Release|Any CPU.ActiveCfg = Release|Any CPU
		{1FFB80BE-7360-42A4-A391-1CE584F8CDFA}.Release|Any CPU.Build.0 = Release|Any CPU
	EndGlobalSection
	GlobalSection(SolutionProperties) = preSolution
		HideSolutionNode = FALSE
	EndGlobalSection
	GlobalSection(ExtensibilityGlobals) = postSolution
		SolutionGuid = {2E41C1BB-46BD-4530-9827-B85D8D438E49}
	EndGlobalSection
EndGlobal
